
Microsoft Visual Studio Solution File, Format Version 12.00
# Visual Studio Version 17
VisualStudioVersion = 17.8.34525.116
MinimumVisualStudioVersion = 10.0.40219.1
Project("{8BC9CEB8-8B4A-11D0-8D11-00A0C91BC942}") = "DoomGame", "DoomGame\DoomGame.vcxproj", "{32261631-48CB-4643-B9D6-A2CFCF6E2563}"
EndProject
Project("{8BC9CEB8-8B4A-11D0-8D11-00A0C91BC942}") = "DoomGameTests", "DoomGameTests\DoomGameTests.vcxproj", "{90D20659-8999-4D2D-8D4C-691FB090507D}"
EndProject
Global
	GlobalSection(SolutionConfigurationPlatforms) = preSolution
		Debug|x64 = Debug|x64
		Debug|x86 = Debug|x86
		Release|x64 = Release|x64
		Release|x86 = Release|x86
	EndGlobalSection
	GlobalSection(ProjectConfigurationPlatforms) = postSolution
		{32261631-48CB-4643-B9D6-A2CFCF6E2563}.Debug|x64.ActiveCfg = Debug|x64
		{32261631-48CB-4643-B9D6-A2CFCF6E2563}.Debug|x64.Build.0 = Debug|x64
		{32261631-48CB-4643-B9D6-A2CFCF6E2563}.Debug|x86.ActiveCfg = Debug|Win32
		{32261631-48CB-4643-B9D6-A2CFCF6E2563}.Debug|x86.Build.0 = Debug|Win32
		{32261631-48CB-4643-B9D6-A2CFCF6E2563}.Release|x64.ActiveCfg = Release|x64
		{32261631-48CB-4643-B9D6-A2CFCF6E2563}.Release|x64.Build.0 = Release|x64
		{32261631-48CB-4643-B9D6-A2CFCF6E2563}.Release|x86.ActiveCfg = Release|Win32
		{32261631-48CB-4643-B9D6-A2CFCF6E2563}.Release|x86.Build.0 = Release|Win32
		{90D20659-8999-4D2D-8D4C-691FB090507D}.Debug|x64.ActiveCfg = Debug|x64
		{90D20659-8999-4D2D-8D4C-691FB090507D}.Debug|x64.Build.0 = Debug|x64
		{90D20659-8999-4D2D-8D4C-691FB090507D}.Debug|x86.ActiveCfg = Debug|Win32
		{90D20659-8999-4D2D-8D4C-691FB090507D}.Debug|x86.Build.0 = Debug|Win32
		{90D20659-8999-4D2D-8D4C-691FB090507D}.Release|x64.ActiveCfg = Release|x64
		{90D20659-8999-4D2D-8D4C-691FB090507D}.Release|x64.Build.0 = Release|x64
		{90D20659-8999-4D2D-8D4C-691FB090507D}.Release|x86.ActiveCfg = Release|Win32
		{90D20659-8999-4D2D-8D4C-691FB090507D}.Release|x86.Build.0 = Release|Win32
	EndGlobalSection
	GlobalSection(SolutionProperties) = preSolution
		HideSolutionNode = FALSE
	EndGlobalSection
	GlobalSection(ExtensibilityGlobals) = postSolution
		SolutionGuid = {717E9FF6-3949-4DEE-9029-BEA208762D13}
	EndGlobalSection
EndGlobal
